github.com/rakyll/portmidi v0.0.0-20201020180702-d436ceaa537a h1:+qeh9b4LlO8AYVvm+TG4OXDRwBynTLk82t0HDBBBOQ8=
github.com/rakyll/portmidi v0.0.0-20201020180702-d436ceaa537a/go.mod h1:xKffaBd7e1YUoLpR2azvJqkxEdUDNGNDMlsUNdv6Bcs=
github.com/youpy/go-coremidi v0.0.0-20200604070506-ccae7283aa97 h1:aJM7pnoysZA6/i1QsMJlzCtNYUwelbqjj7PyDm9N8sk=
github.com/youpy/go-coremidi v0.0.0-20200604070506-ccae7283aa97/go.mod h1:JECUA7NazToXvXOjdf3ZXbqBk/LjRx+5GI3geQfi4L4=
gopkg.in/check.v1 v0.0.0-20161208181325-20d25e280405 h1:yhCVgyC4o1eVCa2tZl7eS0r+SDo693bJlVdllGtEeKM=
gopkg.in/check.v1 v0.0.0-20161208181325-20d25e280405/go.mod h1:Co6ibVJAznAaIkqp8huTwlJQCZ016jof/cbN4VW5Yz0=
gopkg.in/yaml.v2 v2.4.0 h1:D8xgwECY7CYvx+Y2n4sBz93Jn9JRvxdiyyo8CTfuKaY=
gopkg.in/yaml.v2 v2.4.0/go.mod h1:RDklbk79AGWmwhnvt/jBztapEOGDOx6ZbXqjP6csGnQ=
